// !$*UTF8*$!
{
	archiveVersion = 1;
	classes = {
	};
	objectVersion = 46;
	objects = {

/* Begin PBXBuildFile section */
		267E35F5BEB7DE24BAEC4AEB /* Pods_tutorial.framework in Frameworks */ = {isa = PBXBuildFile; fileRef = E5C2995441EF9B826FCFBEF5 /* Pods_tutorial.framework */; };
		A96BD6271D59702A0095C84C /* libSDL2.a in Frameworks */ = {isa = PBXBuildFile; fileRef = A96BD6261D59702A0095C84C /* libSDL2.a */; };
		A96BD65E1D59705A0095C84C /* begin_code.h in Headers */ = {isa = PBXBuildFile; fileRef = A96BD6281D59705A0095C84C /* begin_code.h */; settings = {ATTRIBUTES = (Public, ); }; };
		A96BD65F1D59705A0095C84C /* close_code.h in Headers */ = {isa = PBXBuildFile; fileRef = A96BD6291D59705A0095C84C /* close_code.h */; settings = {ATTRIBUTES = (Public, ); }; };
		A96BD6601D59705A0095C84C /* SDL_assert.h in Headers */ = {isa = PBXBuildFile; fileRef = A96BD62A1D59705A0095C84C /* SDL_assert.h */; settings = {ATTRIBUTES = (Public, ); }; };
		A96BD6611D59705A0095C84C /* SDL_atomic.h in Headers */ = {isa = PBXBuildFile; fileRef = A96BD62B1D59705A0095C84C /* SDL_atomic.h */; settings = {ATTRIBUTES = (Public, ); }; };
		A96BD6621D59705A0095C84C /* SDL_audio.h in Headers */ = {isa = PBXBuildFile; fileRef = A96BD62C1D59705A0095C84C /* SDL_audio.h */; settings = {ATTRIBUTES = (Public, ); }; };
		A96BD6631D59705A0095C84C /* SDL_bits.h in Headers */ = {isa = PBXBuildFile; fileRef = A96BD62D1D59705A0095C84C /* SDL_bits.h */; settings = {ATTRIBUTES = (Public, ); }; };
		A96BD6641D59705A0095C84C /* SDL_blendmode.h in Headers */ = {isa = PBXBuildFile; fileRef = A96BD62E1D59705A0095C84C /* SDL_blendmode.h */; settings = {ATTRIBUTES = (Public, ); }; };
		A96BD6651D59705A0095C84C /* SDL_clipboard.h in Headers */ = {isa = PBXBuildFile; fileRef = A96BD62F1D59705A0095C84C /* SDL_clipboard.h */; settings = {ATTRIBUTES = (Public, ); }; };
		A96BD6661D59705A0095C84C /* SDL_config_iphoneos.h in Headers */ = {isa = PBXBuildFile; fileRef = A96BD6301D59705A0095C84C /* SDL_config_iphoneos.h */; settings = {ATTRIBUTES = (Public, ); }; };
		A96BD6671D59705A0095C84C /* SDL_config.h in Headers */ = {isa = PBXBuildFile; fileRef = A96BD6311D59705A0095C84C /* SDL_config.h */; settings = {ATTRIBUTES = (Public, ); }; };
		A96BD6681D59705A0095C84C /* SDL_copying.h in Headers */ = {isa = PBXBuildFile; fileRef = A96BD6321D59705A0095C84C /* SDL_copying.h */; settings = {ATTRIBUTES = (Public, ); }; };
		A96BD6691D59705A0095C84C /* SDL_cpuinfo.h in Headers */ = {isa = PBXBuildFile; fileRef = A96BD6331D59705A0095C84C /* SDL_cpuinfo.h */; settings = {ATTRIBUTES = (Public, ); }; };
		A96BD66A1D59705A0095C84C /* SDL_endian.h in Headers */ = {isa = PBXBuildFile; fileRef = A96BD6341D59705A0095C84C /* SDL_endian.h */; settings = {ATTRIBUTES = (Public, ); }; };
		A96BD66B1D59705A0095C84C /* SDL_error.h in Headers */ = {isa = PBXBuildFile; fileRef = A96BD6351D59705A0095C84C /* SDL_error.h */; settings = {ATTRIBUTES = (Public, ); }; };
		A96BD66C1D59705A0095C84C /* SDL_events.h in Headers */ = {isa = PBXBuildFile; fileRef = A96BD6361D59705A0095C84C /* SDL_events.h */; settings = {ATTRIBUTES = (Public, ); }; };
		A96BD66D1D59705A0095C84C /* SDL_filesystem.h in Headers */ = {isa = PBXBuildFile; fileRef = A96BD6371D59705A0095C84C /* SDL_filesystem.h */; settings = {ATTRIBUTES = (Public, ); }; };
		A96BD66E1D59705A0095C84C /* SDL_gamecontroller.h in Headers */ = {isa = PBXBuildFile; fileRef = A96BD6381D59705A0095C84C /* SDL_gamecontroller.h */; settings = {ATTRIBUTES = (Public, ); }; };
		A96BD66F1D59705A0095C84C /* SDL_gesture.h in Headers */ = {isa = PBXBuildFile; fileRef = A96BD6391D59705A0095C84C /* SDL_gesture.h */; settings = {ATTRIBUTES = (Public, ); }; };
		A96BD6701D59705A0095C84C /* SDL_haptic.h in Headers */ = {isa = PBXBuildFile; fileRef = A96BD63A1D59705A0095C84C /* SDL_haptic.h */; settings = {ATTRIBUTES = (Public, ); }; };
		A96BD6711D59705A0095C84C /* SDL_hints.h in Headers */ = {isa = PBXBuildFile; fileRef = A96BD63B1D59705A0095C84C /* SDL_hints.h */; settings = {ATTRIBUTES = (Public, ); }; };
		A96BD6721D59705A0095C84C /* SDL_joystick.h in Headers */ = {isa = PBXBuildFile; fileRef = A96BD63C1D59705A0095C84C /* SDL_joystick.h */; settings = {ATTRIBUTES = (Public, ); }; };
		A96BD6731D59705A0095C84C /* SDL_keyboard.h in Headers */ = {isa = PBXBuildFile; fileRef = A96BD63D1D59705A0095C84C /* SDL_keyboard.h */; settings = {ATTRIBUTES = (Public, ); }; };
		A96BD6741D59705A0095C84C /* SDL_keycode.h in Headers */ = {isa = PBXBuildFile; fileRef = A96BD63E1D59705A0095C84C /* SDL_keycode.h */; settings = {ATTRIBUTES = (Public, ); }; };
		A96BD6751D59705A0095C84C /* SDL_loadso.h in Headers */ = {isa = PBXBuildFile; fileRef = A96BD63F1D59705A0095C84C /* SDL_loadso.h */; settings = {ATTRIBUTES = (Public, ); }; };
		A96BD6761D59705A0095C84C /* SDL_log.h in Headers */ = {isa = PBXBuildFile; fileRef = A96BD6401D59705A0095C84C /* SDL_log.h */; settings = {ATTRIBUTES = (Public, ); }; };
		A96BD6771D59705A0095C84C /* SDL_main.h in Headers */ = {isa = PBXBuildFile; fileRef = A96BD6411D59705A0095C84C /* SDL_main.h */; settings = {ATTRIBUTES = (Public, ); }; };
		A96BD6781D59705A0095C84C /* SDL_messagebox.h in Headers */ = {isa = PBXBuildFile; fileRef = A96BD6421D59705A0095C84C /* SDL_messagebox.h */; settings = {ATTRIBUTES = (Public, ); }; };
		A96BD6791D59705A0095C84C /* SDL_mouse.h in Headers */ = {isa = PBXBuildFile; fileRef = A96BD6431D59705A0095C84C /* SDL_mouse.h */; settings = {ATTRIBUTES = (Public, ); }; };
		A96BD67A1D59705A0095C84C /* SDL_mutex.h in Headers */ = {isa = PBXBuildFile; fileRef = A96BD6441D59705A0095C84C /* SDL_mutex.h */; settings = {ATTRIBUTES = (Public, ); }; };
		A96BD67B1D59705A0095C84C /* SDL_name.h in Headers */ = {isa = PBXBuildFile; fileRef = A96BD6451D59705A0095C84C /* SDL_name.h */; settings = {ATTRIBUTES = (Public, ); }; };
		A96BD67C1D59705A0095C84C /* SDL_opengl.h in Headers */ = {isa = PBXBuildFile; fileRef = A96BD6461D59705A0095C84C /* SDL_opengl.h */; settings = {ATTRIBUTES = (Public, ); }; };
		A96BD67D1D59705A0095C84C /* SDL_opengles.h in Headers */ = {isa = PBXBuildFile; fileRef = A96BD6471D59705A0095C84C /* SDL_opengles.h */; settings = {ATTRIBUTES = (Public, ); }; };
		A96BD67E1D59705A0095C84C /* SDL_opengles2.h in Headers */ = {isa = PBXBuildFile; fileRef = A96BD6481D59705A0095C84C /* SDL_opengles2.h */; settings = {ATTRIBUTES = (Public, ); }; };
		A96BD67F1D59705A0095C84C /* SDL_pixels.h in Headers */ = {isa = PBXBuildFile; fileRef = A96BD6491D59705A0095C84C /* SDL_pixels.h */; settings = {ATTRIBUTES = (Public, ); }; };
		A96BD6801D59705A0095C84C /* SDL_platform.h in Headers */ = {isa = PBXBuildFile; fileRef = A96BD64A1D59705A0095C84C /* SDL_platform.h */; settings = {ATTRIBUTES = (Public, ); }; };
		A96BD6811D59705A0095C84C /* SDL_power.h in Headers */ = {isa = PBXBuildFile; fileRef = A96BD64B1D59705A0095C84C /* SDL_power.h */; settings = {ATTRIBUTES = (Public, ); }; };
		A96BD6821D59705A0095C84C /* SDL_quit.h in Headers */ = {isa = PBXBuildFile; fileRef = A96BD64C1D59705A0095C84C /* SDL_quit.h */; settings = {ATTRIBUTES = (Public, ); }; };
		A96BD6831D59705A0095C84C /* SDL_rect.h in Headers */ = {isa = PBXBuildFile; fileRef = A96BD64D1D59705A0095C84C /* SDL_rect.h */; settings = {ATTRIBUTES = (Public, ); }; };
		A96BD6841D59705A0095C84C /* SDL_render.h in Headers */ = {isa = PBXBuildFile; fileRef = A96BD64E1D59705A0095C84C /* SDL_render.h */; settings = {ATTRIBUTES = (Public, ); }; };
		A96BD6851D59705A0095C84C /* SDL_revision.h in Headers */ = {isa = PBXBuildFile; fileRef = A96BD64F1D59705A0095C84C /* SDL_revision.h */; settings = {ATTRIBUTES = (Public, ); }; };
		A96BD6861D59705A0095C84C /* SDL_rwops.h in Headers */ = {isa = PBXBuildFile; fileRef = A96BD6501D59705A0095C84C /* SDL_rwops.h */; settings = {ATTRIBUTES = (Public, ); }; };
		A96BD6871D59705A0095C84C /* SDL_scancode.h in Headers */ = {isa = PBXBuildFile; fileRef = A96BD6511D59705A0095C84C /* SDL_scancode.h */; settings = {ATTRIBUTES = (Public, ); }; };
		A96BD6881D59705A0095C84C /* SDL_shape.h in Headers */ = {isa = PBXBuildFile; fileRef = A96BD6521D59705A0095C84C /* SDL_shape.h */; settings = {ATTRIBUTES = (Public, ); }; };
		A96BD6891D59705A0095C84C /* SDL_stdinc.h in Headers */ = {isa = PBXBuildFile; fileRef = A96BD6531D59705A0095C84C /* SDL_stdinc.h */; settings = {ATTRIBUTES = (Public, ); }; };
		A96BD68A1D59705A0095C84C /* SDL_surface.h in Headers */ = {isa = PBXBuildFile; fileRef = A96BD6541D59705A0095C84C /* SDL_surface.h */; settings = {ATTRIBUTES = (Public, ); }; };
		A96BD68B1D59705A0095C84C /* SDL_system.h in Headers */ = {isa = PBXBuildFile; fileRef = A96BD6551D59705A0095C84C /* SDL_system.h */; settings = {ATTRIBUTES = (Public, ); }; };
		A96BD68C1D59705A0095C84C /* SDL_syswm.h in Headers */ = {isa = PBXBuildFile; fileRef = A96BD6561D59705A0095C84C /* SDL_syswm.h */; settings = {ATTRIBUTES = (Public, ); }; };
		A96BD68D1D59705A0095C84C /* SDL_thread.h in Headers */ = {isa = PBXBuildFile; fileRef = A96BD6571D59705A0095C84C /* SDL_thread.h */; settings = {ATTRIBUTES = (Public, ); }; };
		A96BD68E1D59705A0095C84C /* SDL_timer.h in Headers */ = {isa = PBXBuildFile; fileRef = A96BD6581D59705A0095C84C /* SDL_timer.h */; settings = {ATTRIBUTES = (Public, ); }; };
		A96BD68F1D59705A0095C84C /* SDL_touch.h in Headers */ = {isa = PBXBuildFile; fileRef = A96BD6591D59705A0095C84C /* SDL_touch.h */; settings = {ATTRIBUTES = (Public, ); }; };
		A96BD6901D59705A0095C84C /* SDL_types.h in Headers */ = {isa = PBXBuildFile; fileRef = A96BD65A1D59705A0095C84C /* SDL_types.h */; settings = {ATTRIBUTES = (Public, ); }; };
		A96BD6911D59705A0095C84C /* SDL_version.h in Headers */ = {isa = PBXBuildFile; fileRef = A96BD65B1D59705A0095C84C /* SDL_version.h */; settings = {ATTRIBUTES = (Public, ); }; };
		A96BD6921D59705A0095C84C /* SDL_video.h in Headers */ = {isa = PBXBuildFile; fileRef = A96BD65C1D59705A0095C84C /* SDL_video.h */; settings = {ATTRIBUTES = (Public, ); }; };
		A96BD6931D59705A0095C84C /* SDL.h in Headers */ = {isa = PBXBuildFile; fileRef = A96BD65D1D59705A0095C84C /* SDL.h */; settings = {ATTRIBUTES = (Public, ); }; };
		A96BD6A71D59976B0095C84C /* GameController.framework in Frameworks */ = {isa = PBXBuildFile; fileRef = A96BD6A61D59976B0095C84C /* GameController.framework */; };
		A96BD6A91D5997720095C84C /* CoreMotion.framework in Frameworks */ = {isa = PBXBuildFile; fileRef = A96BD6A81D5997720095C84C /* CoreMotion.framework */; };
		A96BD6AF1D599B2D0095C84C /* QuartzCore.framework in Frameworks */ = {isa = PBXBuildFile; fileRef = A96BD6AE1D599B2D0095C84C /* QuartzCore.framework */; };
		A96BD6B11D599B330095C84C /* CoreAudio.framework in Frameworks */ = {isa = PBXBuildFile; fileRef = A96BD6B01D599B330095C84C /* CoreAudio.framework */; };
		A96BD6B31D599B450095C84C /* OpenGLES.framework in Frameworks */ = {isa = PBXBuildFile; fileRef = A96BD6B21D599B450095C84C /* OpenGLES.framework */; };
		A96BD6B61D599C3E0095C84C /* SDLHelper.h in Headers */ = {isa = PBXBuildFile; fileRef = A96BD6B41D599C3E0095C84C /* SDLHelper.h */; };
		A96BD6B71D599C3E0095C84C /* SDLHelper.mm in Sources */ = {isa = PBXBuildFile; fileRef = A96BD6B51D599C3E0095C84C /* SDLHelper.mm */; };
		A96D16F41D5860C5009F7AC2 /* AppDelegate.swift in Sources */ = {isa = PBXBuildFile; fileRef = A96D16F31D5860C5009F7AC2 /* AppDelegate.swift */; };
		A96D16F61D5860C5009F7AC2 /* ViewController.swift in Sources */ = {isa = PBXBuildFile; fileRef = A96D16F51D5860C5009F7AC2 /* ViewController.swift */; };
		A96D16F91D5860C5009F7AC2 /* Main.storyboard in Resources */ = {isa = PBXBuildFile; fileRef = A96D16F71D5860C5009F7AC2 /* Main.storyboard */; };
		A96D16FB1D5860C5009F7AC2 /* Assets.xcassets in Resources */ = {isa = PBXBuildFile; fileRef = A96D16FA1D5860C5009F7AC2 /* Assets.xcassets */; };
		A96D16FE1D5860C5009F7AC2 /* LaunchScreen.storyboard in Resources */ = {isa = PBXBuildFile; fileRef = A96D16FC1D5860C5009F7AC2 /* LaunchScreen.storyboard */; };
		A96D172C1D587133009F7AC2 /* libavcodec.a in Frameworks */ = {isa = PBXBuildFile; fileRef = A96D17251D587133009F7AC2 /* libavcodec.a */; };
		A96D172D1D587133009F7AC2 /* libavdevice.a in Frameworks */ = {isa = PBXBuildFile; fileRef = A96D17261D587133009F7AC2 /* libavdevice.a */; };
		A96D172E1D587133009F7AC2 /* libavfilter.a in Frameworks */ = {isa = PBXBuildFile; fileRef = A96D17271D587133009F7AC2 /* libavfilter.a */; };
		A96D172F1D587133009F7AC2 /* libavformat.a in Frameworks */ = {isa = PBXBuildFile; fileRef = A96D17281D587133009F7AC2 /* libavformat.a */; };
		A96D17301D587133009F7AC2 /* libavutil.a in Frameworks */ = {isa = PBXBuildFile; fileRef = A96D17291D587133009F7AC2 /* libavutil.a */; };
		A96D17311D587133009F7AC2 /* libswresample.a in Frameworks */ = {isa = PBXBuildFile; fileRef = A96D172A1D587133009F7AC2 /* libswresample.a */; };
		A96D17321D587133009F7AC2 /* libswscale.a in Frameworks */ = {isa = PBXBuildFile; fileRef = A96D172B1D587133009F7AC2 /* libswscale.a */; };
		A96D173D1D587169009F7AC2 /* libavcodec in Headers */ = {isa = PBXBuildFile; fileRef = A96D17361D587169009F7AC2 /* libavcodec */; settings = {ATTRIBUTES = (Public, ); }; };
		A96D173E1D587169009F7AC2 /* libavdevice in Headers */ = {isa = PBXBuildFile; fileRef = A96D17371D587169009F7AC2 /* libavdevice */; settings = {ATTRIBUTES = (Public, ); }; };
		A96D173F1D587169009F7AC2 /* libavfilter in Headers */ = {isa = PBXBuildFile; fileRef = A96D17381D587169009F7AC2 /* libavfilter */; settings = {ATTRIBUTES = (Public, ); }; };
		A96D17401D587169009F7AC2 /* libavformat in Headers */ = {isa = PBXBuildFile; fileRef = A96D17391D587169009F7AC2 /* libavformat */; settings = {ATTRIBUTES = (Public, ); }; };
		A96D17411D587169009F7AC2 /* libavutil in Headers */ = {isa = PBXBuildFile; fileRef = A96D173A1D587169009F7AC2 /* libavutil */; settings = {ATTRIBUTES = (Public, ); }; };
		A96D17421D587169009F7AC2 /* libswresample in Headers */ = {isa = PBXBuildFile; fileRef = A96D173B1D587169009F7AC2 /* libswresample */; settings = {ATTRIBUTES = (Public, ); }; };
		A96D17431D587169009F7AC2 /* libswscale in Headers */ = {isa = PBXBuildFile; fileRef = A96D173C1D587169009F7AC2 /* libswscale */; settings = {ATTRIBUTES = (Public, ); }; };
		A96D17491D5875F1009F7AC2 /* FFmpeg.h in Headers */ = {isa = PBXBuildFile; fileRef = A96D17471D5875F1009F7AC2 /* FFmpeg.h */; settings = {ATTRIBUTES = (Public, ); }; };
		A96D174A1D5875F1009F7AC2 /* FFmpeg.m in Sources */ = {isa = PBXBuildFile; fileRef = A96D17481D5875F1009F7AC2 /* FFmpeg.m */; };
		A96D174D1D587640009F7AC2 /* AudioToolbox.framework in Frameworks */ = {isa = PBXBuildFile; fileRef = A96D174B1D587640009F7AC2 /* AudioToolbox.framework */; };
		A96D174E1D587640009F7AC2 /* VideoToolbox.framework in Frameworks */ = {isa = PBXBuildFile; fileRef = A96D174C1D587640009F7AC2 /* VideoToolbox.framework */; };
		A96D17501D587645009F7AC2 /* CoreMedia.framework in Frameworks */ = {isa = PBXBuildFile; fileRef = A96D174F1D587645009F7AC2 /* CoreMedia.framework */; };
		A96D17531D58764B009F7AC2 /* libbz2.tbd in Frameworks */ = {isa = PBXBuildFile; fileRef = A96D17511D58764B009F7AC2 /* libbz2.tbd */; };
		A96D17541D58764B009F7AC2 /* libz.tbd in Frameworks */ = {isa = PBXBuildFile; fileRef = A96D17521D58764B009F7AC2 /* libz.tbd */; };
		A96D17561D58764F009F7AC2 /* libiconv.tbd in Frameworks */ = {isa = PBXBuildFile; fileRef = A96D17551D58764F009F7AC2 /* libiconv.tbd */; };
		A96D17581D5876CD009F7AC2 /* tutorial.swift in Sources */ = {isa = PBXBuildFile; fileRef = A96D17571D5876CD009F7AC2 /* tutorial.swift */; };
		A96D175C1D587725009F7AC2 /* sample.mp4 in Resources */ = {isa = PBXBuildFile; fileRef = A96D175B1D587725009F7AC2 /* sample.mp4 */; };
		A96D175F1D587D0B009F7AC2 /* ffmpeg-tutorial in Resources */ = {isa = PBXBuildFile; fileRef = A96D175E1D587D0B009F7AC2 /* ffmpeg-tutorial */; };
		D8F1B1EB1D58D5DE00564EE2 /* Castable.swift in Sources */ = {isa = PBXBuildFile; fileRef = D8F1B1EA1D58D5DE00564EE2 /* Castable.swift */; };
/* End PBXBuildFile section */

/* Begin PBXCopyFilesBuildPhase section */
		A96BD6AC1D5997960095C84C /* Embed Frameworks */ = {
			isa = PBXCopyFilesBuildPhase;
			buildActionMask = 2147483647;
			dstPath = "";
			dstSubfolderSpec = 10;
			files = (
			);
			name = "Embed Frameworks";
			runOnlyForDeploymentPostprocessing = 0;
		};
/* End PBXCopyFilesBuildPhase section */

/* Begin PBXFileReference section */
		A96BD6261D59702A0095C84C /* libSDL2.a */ = {isa = PBXFileReference; lastKnownFileType = archive.ar; name = libSDL2.a; path = "../../SDL-iOS/lib/libSDL2.a"; sourceTree = "<group>"; };
		A96BD6281D59705A0095C84C /* begin_code.h */ = {isa = PBXFileReference; lastKnownFileType = sourcecode.c.h; name = begin_code.h; path = "../../SDL-iOS/include/begin_code.h"; sourceTree = "<group>"; };
		A96BD6291D59705A0095C84C /* close_code.h */ = {isa = PBXFileReference; lastKnownFileType = sourcecode.c.h; name = close_code.h; path = "../../SDL-iOS/include/close_code.h"; sourceTree = "<group>"; };
		A96BD62A1D59705A0095C84C /* SDL_assert.h */ = {isa = PBXFileReference; lastKnownFileType = sourcecode.c.h; name = SDL_assert.h; path = "../../SDL-iOS/include/SDL_assert.h"; sourceTree = "<group>"; };
		A96BD62B1D59705A0095C84C /* SDL_atomic.h */ = {isa = PBXFileReference; lastKnownFileType = sourcecode.c.h; name = SDL_atomic.h; path = "../../SDL-iOS/include/SDL_atomic.h"; sourceTree = "<group>"; };
		A96BD62C1D59705A0095C84C /* SDL_audio.h */ = {isa = PBXFileReference; lastKnownFileType = sourcecode.c.h; name = SDL_audio.h; path = "../../SDL-iOS/include/SDL_audio.h"; sourceTree = "<group>"; };
		A96BD62D1D59705A0095C84C /* SDL_bits.h */ = {isa = PBXFileReference; lastKnownFileType = sourcecode.c.h; name = SDL_bits.h; path = "../../SDL-iOS/include/SDL_bits.h"; sourceTree = "<group>"; };
		A96BD62E1D59705A0095C84C /* SDL_blendmode.h */ = {isa = PBXFileReference; lastKnownFileType = sourcecode.c.h; name = SDL_blendmode.h; path = "../../SDL-iOS/include/SDL_blendmode.h"; sourceTree = "<group>"; };
		A96BD62F1D59705A0095C84C /* SDL_clipboard.h */ = {isa = PBXFileReference; lastKnownFileType = sourcecode.c.h; name = SDL_clipboard.h; path = "../../SDL-iOS/include/SDL_clipboard.h"; sourceTree = "<group>"; };
		A96BD6301D59705A0095C84C /* SDL_config_iphoneos.h */ = {isa = PBXFileReference; lastKnownFileType = sourcecode.c.h; name = SDL_config_iphoneos.h; path = "../../SDL-iOS/include/SDL_config_iphoneos.h"; sourceTree = "<group>"; };
		A96BD6311D59705A0095C84C /* SDL_config.h */ = {isa = PBXFileReference; lastKnownFileType = sourcecode.c.h; name = SDL_config.h; path = "../../SDL-iOS/include/SDL_config.h"; sourceTree = "<group>"; };
		A96BD6321D59705A0095C84C /* SDL_copying.h */ = {isa = PBXFileReference; lastKnownFileType = sourcecode.c.h; name = SDL_copying.h; path = "../../SDL-iOS/include/SDL_copying.h"; sourceTree = "<group>"; };
		A96BD6331D59705A0095C84C /* SDL_cpuinfo.h */ = {isa = PBXFileReference; lastKnownFileType = sourcecode.c.h; name = SDL_cpuinfo.h; path = "../../SDL-iOS/include/SDL_cpuinfo.h"; sourceTree = "<group>"; };
		A96BD6341D59705A0095C84C /* SDL_endian.h */ = {isa = PBXFileReference; lastKnownFileType = sourcecode.c.h; name = SDL_endian.h; path = "../../SDL-iOS/include/SDL_endian.h"; sourceTree = "<group>"; };
		A96BD6351D59705A0095C84C /* SDL_error.h */ = {isa = PBXFileReference; lastKnownFileType = sourcecode.c.h; name = SDL_error.h; path = "../../SDL-iOS/include/SDL_error.h"; sourceTree = "<group>"; };
		A96BD6361D59705A0095C84C /* SDL_events.h */ = {isa = PBXFileReference; lastKnownFileType = sourcecode.c.h; name = SDL_events.h; path = "../../SDL-iOS/include/SDL_events.h"; sourceTree = "<group>"; };
		A96BD6371D59705A0095C84C /* SDL_filesystem.h */ = {isa = PBXFileReference; lastKnownFileType = sourcecode.c.h; name = SDL_filesystem.h; path = "../../SDL-iOS/include/SDL_filesystem.h"; sourceTree = "<group>"; };
		A96BD6381D59705A0095C84C /* SDL_gamecontroller.h */ = {isa = PBXFileReference; lastKnownFileType = sourcecode.c.h; name = SDL_gamecontroller.h; path = "../../SDL-iOS/include/SDL_gamecontroller.h"; sourceTree = "<group>"; };
		A96BD6391D59705A0095C84C /* SDL_gesture.h */ = {isa = PBXFileReference; lastKnownFileType = sourcecode.c.h; name = SDL_gesture.h; path = "../../SDL-iOS/include/SDL_gesture.h"; sourceTree = "<group>"; };
		A96BD63A1D59705A0095C84C /* SDL_haptic.h */ = {isa = PBXFileReference; lastKnownFileType = sourcecode.c.h; name = SDL_haptic.h; path = "../../SDL-iOS/include/SDL_haptic.h"; sourceTree = "<group>"; };
		A96BD63B1D59705A0095C84C /* SDL_hints.h */ = {isa = PBXFileReference; lastKnownFileType = sourcecode.c.h; name = SDL_hints.h; path = "../../SDL-iOS/include/SDL_hints.h"; sourceTree = "<group>"; };
		A96BD63C1D59705A0095C84C /* SDL_joystick.h */ = {isa = PBXFileReference; lastKnownFileType = sourcecode.c.h; name = SDL_joystick.h; path = "../../SDL-iOS/include/SDL_joystick.h"; sourceTree = "<group>"; };
		A96BD63D1D59705A0095C84C /* SDL_keyboard.h */ = {isa = PBXFileReference; lastKnownFileType = sourcecode.c.h; name = SDL_keyboard.h; path = "../../SDL-iOS/include/SDL_keyboard.h"; sourceTree = "<group>"; };
		A96BD63E1D59705A0095C84C /* SDL_keycode.h */ = {isa = PBXFileReference; lastKnownFileType = sourcecode.c.h; name = SDL_keycode.h; path = "../../SDL-iOS/include/SDL_keycode.h"; sourceTree = "<group>"; };
		A96BD63F1D59705A0095C84C /* SDL_loadso.h */ = {isa = PBXFileReference; lastKnownFileType = sourcecode.c.h; name = SDL_loadso.h; path = "../../SDL-iOS/include/SDL_loadso.h"; sourceTree = "<group>"; };
		A96BD6401D59705A0095C84C /* SDL_log.h */ = {isa = PBXFileReference; lastKnownFileType = sourcecode.c.h; name = SDL_log.h; path = "../../SDL-iOS/include/SDL_log.h"; sourceTree = "<group>"; };
		A96BD6411D59705A0095C84C /* SDL_main.h */ = {isa = PBXFileReference; lastKnownFileType = sourcecode.c.h; name = SDL_main.h; path = "../../SDL-iOS/include/SDL_main.h"; sourceTree = "<group>"; };
		A96BD6421D59705A0095C84C /* SDL_messagebox.h */ = {isa = PBXFileReference; lastKnownFileType = sourcecode.c.h; name = SDL_messagebox.h; path = "../../SDL-iOS/include/SDL_messagebox.h"; sourceTree = "<group>"; };
		A96BD6431D59705A0095C84C /* SDL_mouse.h */ = {isa = PBXFileReference; lastKnownFileType = sourcecode.c.h; name = SDL_mouse.h; path = "../../SDL-iOS/include/SDL_mouse.h"; sourceTree = "<group>"; };
		A96BD6441D59705A0095C84C /* SDL_mutex.h */ = {isa = PBXFileReference; lastKnownFileType = sourcecode.c.h; name = SDL_mutex.h; path = "../../SDL-iOS/include/SDL_mutex.h"; sourceTree = "<group>"; };
		A96BD6451D59705A0095C84C /* SDL_name.h */ = {isa = PBXFileReference; lastKnownFileType = sourcecode.c.h; name = SDL_name.h; path = "../../SDL-iOS/include/SDL_name.h"; sourceTree = "<group>"; };
		A96BD6461D59705A0095C84C /* SDL_opengl.h */ = {isa = PBXFileReference; lastKnownFileType = sourcecode.c.h; name = SDL_opengl.h; path = "../../SDL-iOS/include/SDL_opengl.h"; sourceTree = "<group>"; };
		A96BD6471D59705A0095C84C /* SDL_opengles.h */ = {isa = PBXFileReference; lastKnownFileType = sourcecode.c.h; name = SDL_opengles.h; path = "../../SDL-iOS/include/SDL_opengles.h"; sourceTree = "<group>"; };
		A96BD6481D59705A0095C84C /* SDL_opengles2.h */ = {isa = PBXFileReference; lastKnownFileType = sourcecode.c.h; name = SDL_opengles2.h; path = "../../SDL-iOS/include/SDL_opengles2.h"; sourceTree = "<group>"; };
		A96BD6491D59705A0095C84C /* SDL_pixels.h */ = {isa = PBXFileReference; lastKnownFileType = sourcecode.c.h; name = SDL_pixels.h; path = "../../SDL-iOS/include/SDL_pixels.h"; sourceTree = "<group>"; };
		A96BD64A1D59705A0095C84C /* SDL_platform.h */ = {isa = PBXFileReference; lastKnownFileType = sourcecode.c.h; name = SDL_platform.h; path = "../../SDL-iOS/include/SDL_platform.h"; sourceTree = "<group>"; };
		A96BD64B1D59705A0095C84C /* SDL_power.h */ = {isa = PBXFileReference; lastKnownFileType = sourcecode.c.h; name = SDL_power.h; path = "../../SDL-iOS/include/SDL_power.h"; sourceTree = "<group>"; };
		A96BD64C1D59705A0095C84C /* SDL_quit.h */ = {isa = PBXFileReference; lastKnownFileType = sourcecode.c.h; name = SDL_quit.h; path = "../../SDL-iOS/include/SDL_quit.h"; sourceTree = "<group>"; };
		A96BD64D1D59705A0095C84C /* SDL_rect.h */ = {isa = PBXFileReference; lastKnownFileType = sourcecode.c.h; name = SDL_rect.h; path = "../../SDL-iOS/include/SDL_rect.h"; sourceTree = "<group>"; };
		A96BD64E1D59705A0095C84C /* SDL_render.h */ = {isa = PBXFileReference; lastKnownFileType = sourcecode.c.h; name = SDL_render.h; path = "../../SDL-iOS/include/SDL_render.h"; sourceTree = "<group>"; };
		A96BD64F1D59705A0095C84C /* SDL_revision.h */ = {isa = PBXFileReference; lastKnownFileType = sourcecode.c.h; name = SDL_revision.h; path = "../../SDL-iOS/include/SDL_revision.h"; sourceTree = "<group>"; };
		A96BD6501D59705A0095C84C /* SDL_rwops.h */ = {isa = PBXFileReference; lastKnownFileType = sourcecode.c.h; name = SDL_rwops.h; path = "../../SDL-iOS/include/SDL_rwops.h"; sourceTree = "<group>"; };
		A96BD6511D59705A0095C84C /* SDL_scancode.h */ = {isa = PBXFileReference; lastKnownFileType = sourcecode.c.h; name = SDL_scancode.h; path = "../../SDL-iOS/include/SDL_scancode.h"; sourceTree = "<group>"; };
		A96BD6521D59705A0095C84C /* SDL_shape.h */ = {isa = PBXFileReference; lastKnownFileType = sourcecode.c.h; name = SDL_shape.h; path = "../../SDL-iOS/include/SDL_shape.h"; sourceTree = "<group>"; };
		A96BD6531D59705A0095C84C /* SDL_stdinc.h */ = {isa = PBXFileReference; lastKnownFileType = sourcecode.c.h; name = SDL_stdinc.h; path = "../../SDL-iOS/include/SDL_stdinc.h"; sourceTree = "<group>"; };
		A96BD6541D59705A0095C84C /* SDL_surface.h */ = {isa = PBXFileReference; lastKnownFileType = sourcecode.c.h; name = SDL_surface.h; path = "../../SDL-iOS/include/SDL_surface.h"; sourceTree = "<group>"; };
		A96BD6551D59705A0095C84C /* SDL_system.h */ = {isa = PBXFileReference; lastKnownFileType = sourcecode.c.h; name = SDL_system.h; path = "../../SDL-iOS/include/SDL_system.h"; sourceTree = "<group>"; };
		A96BD6561D59705A0095C84C /* SDL_syswm.h */ = {isa = PBXFileReference; lastKnownFileType = sourcecode.c.h; name = SDL_syswm.h; path = "../../SDL-iOS/include/SDL_syswm.h"; sourceTree = "<group>"; };
		A96BD6571D59705A0095C84C /* SDL_thread.h */ = {isa = PBXFileReference; lastKnownFileType = sourcecode.c.h; name = SDL_thread.h; path = "../../SDL-iOS/include/SDL_thread.h"; sourceTree = "<group>"; };
		A96BD6581D59705A0095C84C /* SDL_timer.h */ = {isa = PBXFileReference; lastKnownFileType = sourcecode.c.h; name = SDL_timer.h; path = "../../SDL-iOS/include/SDL_timer.h"; sourceTree = "<group>"; };
		A96BD6591D59705A0095C84C /* SDL_touch.h */ = {isa = PBXFileReference; lastKnownFileType = sourcecode.c.h; name = SDL_touch.h; path = "../../SDL-iOS/include/SDL_touch.h"; sourceTree = "<group>"; };
		A96BD65A1D59705A0095C84C /* SDL_types.h */ = {isa = PBXFileReference; lastKnownFileType = sourcecode.c.h; name = SDL_types.h; path = "../../SDL-iOS/include/SDL_types.h"; sourceTree = "<group>"; };
		A96BD65B1D59705A0095C84C /* SDL_version.h */ = {isa = PBXFileReference; lastKnownFileType = sourcecode.c.h; name = SDL_version.h; path = "../../SDL-iOS/include/SDL_version.h"; sourceTree = "<group>"; };
		A96BD65C1D59705A0095C84C /* SDL_video.h */ = {isa = PBXFileReference; lastKnownFileType = sourcecode.c.h; name = SDL_video.h; path = "../../SDL-iOS/include/SDL_video.h"; sourceTree = "<group>"; };
		A96BD65D1D59705A0095C84C /* SDL.h */ = {isa = PBXFileReference; lastKnownFileType = sourcecode.c.h; name = SDL.h; path = "../../SDL-iOS/include/SDL.h"; sourceTree = "<group>"; };
		A96BD6941D5973F90095C84C /* sdl.map */ = {isa = PBXFileReference; fileEncoding = 4; lastKnownFileType = "sourcecode.module-map"; name = sdl.map; path = ../../sdl.map; sourceTree = "<group>"; };
		A96BD6A61D59976B0095C84C /* GameController.framework */ = {isa = PBXFileReference; lastKnownFileType = wrapper.framework; name = GameController.framework; path = System/Library/Frameworks/GameController.framework; sourceTree = SDKROOT; };
		A96BD6A81D5997720095C84C /* CoreMotion.framework */ = {isa = PBXFileReference; lastKnownFileType = wrapper.framework; name = CoreMotion.framework; path = System/Library/Frameworks/CoreMotion.framework; sourceTree = SDKROOT; };
		A96BD6AE1D599B2D0095C84C /* QuartzCore.framework */ = {isa = PBXFileReference; lastKnownFileType = wrapper.framework; name = QuartzCore.framework; path = System/Library/Frameworks/QuartzCore.framework; sourceTree = SDKROOT; };
		A96BD6B01D599B330095C84C /* CoreAudio.framework */ = {isa = PBXFileReference; lastKnownFileType = wrapper.framework; name = CoreAudio.framework; path = System/Library/Frameworks/CoreAudio.framework; sourceTree = SDKROOT; };
		A96BD6B21D599B450095C84C /* OpenGLES.framework */ = {isa = PBXFileReference; lastKnownFileType = wrapper.framework; name = OpenGLES.framework; path = System/Library/Frameworks/OpenGLES.framework; sourceTree = SDKROOT; };
		A96BD6B41D599C3E0095C84C /* SDLHelper.h */ = {isa = PBXFileReference; fileEncoding = 4; lastKnownFileType = sourcecode.c.h; path = SDLHelper.h; sourceTree = "<group>"; };
		A96BD6B51D599C3E0095C84C /* SDLHelper.mm */ = {isa = PBXFileReference; fileEncoding = 4; lastKnownFileType = sourcecode.cpp.objcpp; path = SDLHelper.mm; sourceTree = "<group>"; };
		A96D16F01D5860C5009F7AC2 /* tutorial.app */ = {isa = PBXFileReference; explicitFileType = wrapper.application; includeInIndex = 0; path = tutorial.app; sourceTree = BUILT_PRODUCTS_DIR; };
		A96D16F31D5860C5009F7AC2 /* AppDelegate.swift */ = {isa = PBXFileReference; lastKnownFileType = sourcecode.swift; path = AppDelegate.swift; sourceTree = "<group>"; };
		A96D16F51D5860C5009F7AC2 /* ViewController.swift */ = {isa = PBXFileReference; lastKnownFileType = sourcecode.swift; path = ViewController.swift; sourceTree = "<group>"; };
		A96D16F81D5860C5009F7AC2 /* Base */ = {isa = PBXFileReference; lastKnownFileType = file.storyboard; name = Base; path = Base.lproj/Main.storyboard; sourceTree = "<group>"; };
		A96D16FA1D5860C5009F7AC2 /* Assets.xcassets */ = {isa = PBXFileReference; lastKnownFileType = folder.assetcatalog; path = Assets.xcassets; sourceTree = "<group>"; };
		A96D16FD1D5860C5009F7AC2 /* Base */ = {isa = PBXFileReference; lastKnownFileType = file.storyboard; name = Base; path = Base.lproj/LaunchScreen.storyboard; sourceTree = "<group>"; };
		A96D16FF1D5860C5009F7AC2 /* Info.plist */ = {isa = PBXFileReference; lastKnownFileType = text.plist.xml; path = Info.plist; sourceTree = "<group>"; };
		A96D17051D5860FD009F7AC2 /* ffmpeg.map */ = {isa = PBXFileReference; fileEncoding = 4; lastKnownFileType = "sourcecode.module-map"; name = ffmpeg.map; path = ../../ffmpeg.map; sourceTree = "<group>"; };
		A96D17251D587133009F7AC2 /* libavcodec.a */ = {isa = PBXFileReference; lastKnownFileType = archive.ar; name = libavcodec.a; path = "../../FFmpeg-iOS-build-script/FFmpeg-iOS/lib/libavcodec.a"; sourceTree = "<group>"; };
		A96D17261D587133009F7AC2 /* libavdevice.a */ = {isa = PBXFileReference; lastKnownFileType = archive.ar; name = libavdevice.a; path = "../../FFmpeg-iOS-build-script/FFmpeg-iOS/lib/libavdevice.a"; sourceTree = "<group>"; };
		A96D17271D587133009F7AC2 /* libavfilter.a */ = {isa = PBXFileReference; lastKnownFileType = archive.ar; name = libavfilter.a; path = "../../FFmpeg-iOS-build-script/FFmpeg-iOS/lib/libavfilter.a"; sourceTree = "<group>"; };
		A96D17281D587133009F7AC2 /* libavformat.a */ = {isa = PBXFileReference; lastKnownFileType = archive.ar; name = libavformat.a; path = "../../FFmpeg-iOS-build-script/FFmpeg-iOS/lib/libavformat.a"; sourceTree = "<group>"; };
		A96D17291D587133009F7AC2 /* libavutil.a */ = {isa = PBXFileReference; lastKnownFileType = archive.ar; name = libavutil.a; path = "../../FFmpeg-iOS-build-script/FFmpeg-iOS/lib/libavutil.a"; sourceTree = "<group>"; };
		A96D172A1D587133009F7AC2 /* libswresample.a */ = {isa = PBXFileReference; lastKnownFileType = archive.ar; name = libswresample.a; path = "../../FFmpeg-iOS-build-script/FFmpeg-iOS/lib/libswresample.a"; sourceTree = "<group>"; };
		A96D172B1D587133009F7AC2 /* libswscale.a */ = {isa = PBXFileReference; lastKnownFileType = archive.ar; name = libswscale.a; path = "../../FFmpeg-iOS-build-script/FFmpeg-iOS/lib/libswscale.a"; sourceTree = "<group>"; };
		A96D17361D587169009F7AC2 /* libavcodec */ = {isa = PBXFileReference; lastKnownFileType = folder; name = libavcodec; path = "../../FFmpeg-iOS-build-script/FFmpeg-iOS/include/libavcodec"; sourceTree = "<group>"; };
		A96D17371D587169009F7AC2 /* libavdevice */ = {isa = PBXFileReference; lastKnownFileType = folder; name = libavdevice; path = "../../FFmpeg-iOS-build-script/FFmpeg-iOS/include/libavdevice"; sourceTree = "<group>"; };
		A96D17381D587169009F7AC2 /* libavfilter */ = {isa = PBXFileReference; lastKnownFileType = folder; name = libavfilter; path = "../../FFmpeg-iOS-build-script/FFmpeg-iOS/include/libavfilter"; sourceTree = "<group>"; };
		A96D17391D587169009F7AC2 /* libavformat */ = {isa = PBXFileReference; lastKnownFileType = folder; name = libavformat; path = "../../FFmpeg-iOS-build-script/FFmpeg-iOS/include/libavformat"; sourceTree = "<group>"; };
		A96D173A1D587169009F7AC2 /* libavutil */ = {isa = PBXFileReference; lastKnownFileType = folder; name = libavutil; path = "../../FFmpeg-iOS-build-script/FFmpeg-iOS/include/libavutil"; sourceTree = "<group>"; };
		A96D173B1D587169009F7AC2 /* libswresample */ = {isa = PBXFileReference; lastKnownFileType = folder; name = libswresample; path = "../../FFmpeg-iOS-build-script/FFmpeg-iOS/include/libswresample"; sourceTree = "<group>"; };
		A96D173C1D587169009F7AC2 /* libswscale */ = {isa = PBXFileReference; lastKnownFileType = folder; name = libswscale; path = "../../FFmpeg-iOS-build-script/FFmpeg-iOS/include/libswscale"; sourceTree = "<group>"; };
		A96D17461D5875F0009F7AC2 /* tutorial-Bridging-Header.h */ = {isa = PBXFileReference; lastKnownFileType = sourcecode.c.h; path = "tutorial-Bridging-Header.h"; sourceTree = "<group>"; };
		A96D17471D5875F1009F7AC2 /* FFmpeg.h */ = {isa = PBXFileReference; fileEncoding = 4; lastKnownFileType = sourcecode.c.h; path = FFmpeg.h; sourceTree = "<group>"; };
		A96D17481D5875F1009F7AC2 /* FFmpeg.m */ = {isa = PBXFileReference; fileEncoding = 4; lastKnownFileType = sourcecode.c.objc; path = FFmpeg.m; sourceTree = "<group>"; };
		A96D174B1D587640009F7AC2 /* AudioToolbox.framework */ = {isa = PBXFileReference; lastKnownFileType = wrapper.framework; name = AudioToolbox.framework; path = System/Library/Frameworks/AudioToolbox.framework; sourceTree = SDKROOT; };
		A96D174C1D587640009F7AC2 /* VideoToolbox.framework */ = {isa = PBXFileReference; lastKnownFileType = wrapper.framework; name = VideoToolbox.framework; path = System/Library/Frameworks/VideoToolbox.framework; sourceTree = SDKROOT; };
		A96D174F1D587645009F7AC2 /* CoreMedia.framework */ = {isa = PBXFileReference; lastKnownFileType = wrapper.framework; name = CoreMedia.framework; path = System/Library/Frameworks/CoreMedia.framework; sourceTree = SDKROOT; };
		A96D17511D58764B009F7AC2 /* libbz2.tbd */ = {isa = PBXFileReference; lastKnownFileType = "sourcecode.text-based-dylib-definition"; name = libbz2.tbd; path = usr/lib/libbz2.tbd; sourceTree = SDKROOT; };
		A96D17521D58764B009F7AC2 /* libz.tbd */ = {isa = PBXFileReference; lastKnownFileType = "sourcecode.text-based-dylib-definition"; name = libz.tbd; path = usr/lib/libz.tbd; sourceTree = SDKROOT; };
		A96D17551D58764F009F7AC2 /* libiconv.tbd */ = {isa = PBXFileReference; lastKnownFileType = "sourcecode.text-based-dylib-definition"; name = libiconv.tbd; path = usr/lib/libiconv.tbd; sourceTree = SDKROOT; };
		A96D17571D5876CD009F7AC2 /* tutorial.swift */ = {isa = PBXFileReference; fileEncoding = 4; lastKnownFileType = sourcecode.swift; path = tutorial.swift; sourceTree = "<group>"; };
		A96D175B1D587725009F7AC2 /* sample.mp4 */ = {isa = PBXFileReference; lastKnownFileType = file; path = sample.mp4; sourceTree = "<group>"; };
		A96D175E1D587D0B009F7AC2 /* ffmpeg-tutorial */ = {isa = PBXFileReference; lastKnownFileType = folder; name = "ffmpeg-tutorial"; path = "../../ffmpeg-tutorial"; sourceTree = "<group>"; };
		C7CF05DFDE02B1D04680BFEC /* Pods-tutorial.debug.xcconfig */ = {isa = PBXFileReference; includeInIndex = 1; lastKnownFileType = text.xcconfig; name = "Pods-tutorial.debug.xcconfig"; path = "Pods/Target Support Files/Pods-tutorial/Pods-tutorial.debug.xcconfig"; sourceTree = "<group>"; };
		CDA07D4F80C80AD1991B0571 /* Pods-tutorial.release.xcconfig */ = {isa = PBXFileReference; includeInIndex = 1; lastKnownFileType = text.xcconfig; name = "Pods-tutorial.release.xcconfig"; path = "Pods/Target Support Files/Pods-tutorial/Pods-tutorial.release.xcconfig"; sourceTree = "<group>"; };
		D8F1B1EA1D58D5DE00564EE2 /* Castable.swift */ = {isa = PBXFileReference; fileEncoding = 4; lastKnownFileType = sourcecode.swift; path = Castable.swift; sourceTree = "<group>"; };
		E5C2995441EF9B826FCFBEF5 /* Pods_tutorial.framework */ = {isa = PBXFileReference; explicitFileType = wrapper.framework; includeInIndex = 0; path = Pods_tutorial.framework; sourceTree = BUILT_PRODUCTS_DIR; };
/* End PBXFileReference section */

/* Begin PBXFrameworksBuildPhase section */
		A96D16ED1D5860C5009F7AC2 /* Frameworks */ = {
			isa = PBXFrameworksBuildPhase;
			buildActionMask = 2147483647;
			files = (
				A96BD6B31D599B450095C84C /* OpenGLES.framework in Frameworks */,
				A96BD6B11D599B330095C84C /* CoreAudio.framework in Frameworks */,
				A96BD6AF1D599B2D0095C84C /* QuartzCore.framework in Frameworks */,
				A96BD6A91D5997720095C84C /* CoreMotion.framework in Frameworks */,
				A96BD6A71D59976B0095C84C /* GameController.framework in Frameworks */,
				A96BD6271D59702A0095C84C /* libSDL2.a in Frameworks */,
				A96D17561D58764F009F7AC2 /* libiconv.tbd in Frameworks */,
				A96D17531D58764B009F7AC2 /* libbz2.tbd in Frameworks */,
				A96D17541D58764B009F7AC2 /* libz.tbd in Frameworks */,
				A96D17501D587645009F7AC2 /* CoreMedia.framework in Frameworks */,
				A96D174D1D587640009F7AC2 /* AudioToolbox.framework in Frameworks */,
				A96D174E1D587640009F7AC2 /* VideoToolbox.framework in Frameworks */,
				A96D172C1D587133009F7AC2 /* libavcodec.a in Frameworks */,
				A96D172D1D587133009F7AC2 /* libavdevice.a in Frameworks */,
				A96D172E1D587133009F7AC2 /* libavfilter.a in Frameworks */,
				A96D172F1D587133009F7AC2 /* libavformat.a in Frameworks */,
				A96D17301D587133009F7AC2 /* libavutil.a in Frameworks */,
				A96D17311D587133009F7AC2 /* libswresample.a in Frameworks */,
				A96D17321D587133009F7AC2 /* libswscale.a in Frameworks */,
				267E35F5BEB7DE24BAEC4AEB /* Pods_tutorial.framework in Frameworks */,
			);
			runOnlyForDeploymentPostprocessing = 0;
		};
/* End PBXFrameworksBuildPhase section */

/* Begin PBXGroup section */
		904ECCA24E27A11D0E3B33C8 /* Frameworks */ = {
			isa = PBXGroup;
			children = (
				E5C2995441EF9B826FCFBEF5 /* Pods_tutorial.framework */,
			);
			name = Frameworks;
			sourceTree = "<group>";
		};
		A5ED2F7D0E8A6B9150C6E7CC /* Pods */ = {
			isa = PBXGroup;
			children = (
				C7CF05DFDE02B1D04680BFEC /* Pods-tutorial.debug.xcconfig */,
				CDA07D4F80C80AD1991B0571 /* Pods-tutorial.release.xcconfig */,
			);
			name = Pods;
			sourceTree = "<group>";
		};
		A96D16E71D5860C5009F7AC2 = {
			isa = PBXGroup;
			children = (
				A96BD6B21D599B450095C84C /* OpenGLES.framework */,
				A96BD6B01D599B330095C84C /* CoreAudio.framework */,
				A96BD6AE1D599B2D0095C84C /* QuartzCore.framework */,
				A96BD6A81D5997720095C84C /* CoreMotion.framework */,
				A96BD6A61D59976B0095C84C /* GameController.framework */,
				A96D174F1D587645009F7AC2 /* CoreMedia.framework */,
				A96D174B1D587640009F7AC2 /* AudioToolbox.framework */,
				A96D174C1D587640009F7AC2 /* VideoToolbox.framework */,
				A96D16F21D5860C5009F7AC2 /* tutorial */,
				A96D16F11D5860C5009F7AC2 /* Products */,
				A5ED2F7D0E8A6B9150C6E7CC /* Pods */,
				904ECCA24E27A11D0E3B33C8 /* Frameworks */,
			);
			sourceTree = "<group>";
		};
		A96D16F11D5860C5009F7AC2 /* Products */ = {
			isa = PBXGroup;
			children = (
				A96D16F01D5860C5009F7AC2 /* tutorial.app */,
			);
			name = Products;
			sourceTree = "<group>";
		};
		A96D16F21D5860C5009F7AC2 /* tutorial */ = {
			isa = PBXGroup;
			children = (
				A96D175E1D587D0B009F7AC2 /* ffmpeg-tutorial */,
				A96D17341D587142009F7AC2 /* includes */,
				A96D17331D587137009F7AC2 /* libs */,
				A96D16F31D5860C5009F7AC2 /* AppDelegate.swift */,
				A96D16F51D5860C5009F7AC2 /* ViewController.swift */,
				D8F1B1EA1D58D5DE00564EE2 /* Castable.swift */,
				A96D17571D5876CD009F7AC2 /* tutorial.swift */,
				A96D17471D5875F1009F7AC2 /* FFmpeg.h */,
				A96D17481D5875F1009F7AC2 /* FFmpeg.m */,
				A96BD6B41D599C3E0095C84C /* SDLHelper.h */,
				A96BD6B51D599C3E0095C84C /* SDLHelper.mm */,
				A96D17461D5875F0009F7AC2 /* tutorial-Bridging-Header.h */,
				A96D175B1D587725009F7AC2 /* sample.mp4 */,
				A96D16F71D5860C5009F7AC2 /* Main.storyboard */,
				A96D16FA1D5860C5009F7AC2 /* Assets.xcassets */,
				A96D16FC1D5860C5009F7AC2 /* LaunchScreen.storyboard */,
				A96D16FF1D5860C5009F7AC2 /* Info.plist */,
			);
			path = tutorial;
			sourceTree = "<group>";
		};
		A96D17331D587137009F7AC2 /* libs */ = {
			isa = PBXGroup;
			children = (
				A96D17551D58764F009F7AC2 /* libiconv.tbd */,
				A96D17511D58764B009F7AC2 /* libbz2.tbd */,
				A96D17521D58764B009F7AC2 /* libz.tbd */,
				A96BD6261D59702A0095C84C /* libSDL2.a */,
				A96D17251D587133009F7AC2 /* libavcodec.a */,
				A96D17261D587133009F7AC2 /* libavdevice.a */,
				A96D17271D587133009F7AC2 /* libavfilter.a */,
				A96D17281D587133009F7AC2 /* libavformat.a */,
				A96D17291D587133009F7AC2 /* libavutil.a */,
				A96D172A1D587133009F7AC2 /* libswresample.a */,
				A96D172B1D587133009F7AC2 /* libswscale.a */,
			);
			name = libs;
			sourceTree = "<group>";
		};
		A96D17341D587142009F7AC2 /* includes */ = {
			isa = PBXGroup;
			children = (
				A96D17051D5860FD009F7AC2 /* ffmpeg.map */,
				A96BD6941D5973F90095C84C /* sdl.map */,
				A96D17361D587169009F7AC2 /* libavcodec */,
				A96D17371D587169009F7AC2 /* libavdevice */,
				A96D17381D587169009F7AC2 /* libavfilter */,
				A96D17391D587169009F7AC2 /* libavformat */,
				A96D173A1D587169009F7AC2 /* libavutil */,
				A96D173B1D587169009F7AC2 /* libswresample */,
				A96D173C1D587169009F7AC2 /* libswscale */,
				A96BD6281D59705A0095C84C /* begin_code.h */,
				A96BD6291D59705A0095C84C /* close_code.h */,
				A96BD62A1D59705A0095C84C /* SDL_assert.h */,
				A96BD62B1D59705A0095C84C /* SDL_atomic.h */,
				A96BD62C1D59705A0095C84C /* SDL_audio.h */,
				A96BD62D1D59705A0095C84C /* SDL_bits.h */,
				A96BD62E1D59705A0095C84C /* SDL_blendmode.h */,
				A96BD62F1D59705A0095C84C /* SDL_clipboard.h */,
				A96BD6301D59705A0095C84C /* SDL_config_iphoneos.h */,
				A96BD6311D59705A0095C84C /* SDL_config.h */,
				A96BD6321D59705A0095C84C /* SDL_copying.h */,
				A96BD6331D59705A0095C84C /* SDL_cpuinfo.h */,
				A96BD6341D59705A0095C84C /* SDL_endian.h */,
				A96BD6351D59705A0095C84C /* SDL_error.h */,
				A96BD6361D59705A0095C84C /* SDL_events.h */,
				A96BD6371D59705A0095C84C /* SDL_filesystem.h */,
				A96BD6381D59705A0095C84C /* SDL_gamecontroller.h */,
				A96BD6391D59705A0095C84C /* SDL_gesture.h */,
				A96BD63A1D59705A0095C84C /* SDL_haptic.h */,
				A96BD63B1D59705A0095C84C /* SDL_hints.h */,
				A96BD63C1D59705A0095C84C /* SDL_joystick.h */,
				A96BD63D1D59705A0095C84C /* SDL_keyboard.h */,
				A96BD63E1D59705A0095C84C /* SDL_keycode.h */,
				A96BD63F1D59705A0095C84C /* SDL_loadso.h */,
				A96BD6401D59705A0095C84C /* SDL_log.h */,
				A96BD6411D59705A0095C84C /* SDL_main.h */,
				A96BD6421D59705A0095C84C /* SDL_messagebox.h */,
				A96BD6431D59705A0095C84C /* SDL_mouse.h */,
				A96BD6441D59705A0095C84C /* SDL_mutex.h */,
				A96BD6451D59705A0095C84C /* SDL_name.h */,
				A96BD6461D59705A0095C84C /* SDL_opengl.h */,
				A96BD6471D59705A0095C84C /* SDL_opengles.h */,
				A96BD6481D59705A0095C84C /* SDL_opengles2.h */,
				A96BD6491D59705A0095C84C /* SDL_pixels.h */,
				A96BD64A1D59705A0095C84C /* SDL_platform.h */,
				A96BD64B1D59705A0095C84C /* SDL_power.h */,
				A96BD64C1D59705A0095C84C /* SDL_quit.h */,
				A96BD64D1D59705A0095C84C /* SDL_rect.h */,
				A96BD64E1D59705A0095C84C /* SDL_render.h */,
				A96BD64F1D59705A0095C84C /* SDL_revision.h */,
				A96BD6501D59705A0095C84C /* SDL_rwops.h */,
				A96BD6511D59705A0095C84C /* SDL_scancode.h */,
				A96BD6521D59705A0095C84C /* SDL_shape.h */,
				A96BD6531D59705A0095C84C /* SDL_stdinc.h */,
				A96BD6541D59705A0095C84C /* SDL_surface.h */,
				A96BD6551D59705A0095C84C /* SDL_system.h */,
				A96BD6561D59705A0095C84C /* SDL_syswm.h */,
				A96BD6571D59705A0095C84C /* SDL_thread.h */,
				A96BD6581D59705A0095C84C /* SDL_timer.h */,
				A96BD6591D59705A0095C84C /* SDL_touch.h */,
				A96BD65A1D59705A0095C84C /* SDL_types.h */,
				A96BD65B1D59705A0095C84C /* SDL_version.h */,
				A96BD65C1D59705A0095C84C /* SDL_video.h */,
				A96BD65D1D59705A0095C84C /* SDL.h */,
			);
			name = includes;
			sourceTree = "<group>";
		};
/* End PBXGroup section */

/* Begin PBXHeadersBuildPhase section */
		A96D17351D587152009F7AC2 /* Headers */ = {
			isa = PBXHeadersBuildPhase;
			buildActionMask = 2147483647;
			files = (
				A96D173D1D587169009F7AC2 /* libavcodec in Headers */,
				A96D173E1D587169009F7AC2 /* libavdevice in Headers */,
				A96D173F1D587169009F7AC2 /* libavfilter in Headers */,
				A96D17401D587169009F7AC2 /* libavformat in Headers */,
				A96D17411D587169009F7AC2 /* libavutil in Headers */,
				A96D17421D587169009F7AC2 /* libswresample in Headers */,
				A96D17491D5875F1009F7AC2 /* FFmpeg.h in Headers */,
				A96BD65E1D59705A0095C84C /* begin_code.h in Headers */,
				A96BD65F1D59705A0095C84C /* close_code.h in Headers */,
				A96BD6601D59705A0095C84C /* SDL_assert.h in Headers */,
				A96BD6611D59705A0095C84C /* SDL_atomic.h in Headers */,
				A96BD6621D59705A0095C84C /* SDL_audio.h in Headers */,
				A96BD6631D59705A0095C84C /* SDL_bits.h in Headers */,
				A96BD6641D59705A0095C84C /* SDL_blendmode.h in Headers */,
				A96BD6651D59705A0095C84C /* SDL_clipboard.h in Headers */,
				A96BD6661D59705A0095C84C /* SDL_config_iphoneos.h in Headers */,
				A96BD6671D59705A0095C84C /* SDL_config.h in Headers */,
				A96BD6681D59705A0095C84C /* SDL_copying.h in Headers */,
				A96BD6691D59705A0095C84C /* SDL_cpuinfo.h in Headers */,
				A96BD66A1D59705A0095C84C /* SDL_endian.h in Headers */,
				A96BD66B1D59705A0095C84C /* SDL_error.h in Headers */,
				A96BD6B61D599C3E0095C84C /* SDLHelper.h in Headers */,
				A96BD66C1D59705A0095C84C /* SDL_events.h in Headers */,
				A96BD66D1D59705A0095C84C /* SDL_filesystem.h in Headers */,
				A96BD66E1D59705A0095C84C /* SDL_gamecontroller.h in Headers */,
				A96BD66F1D59705A0095C84C /* SDL_gesture.h in Headers */,
				A96BD6701D59705A0095C84C /* SDL_haptic.h in Headers */,
				A96BD6711D59705A0095C84C /* SDL_hints.h in Headers */,
				A96BD6721D59705A0095C84C /* SDL_joystick.h in Headers */,
				A96BD6731D59705A0095C84C /* SDL_keyboard.h in Headers */,
				A96BD6741D59705A0095C84C /* SDL_keycode.h in Headers */,
				A96BD6751D59705A0095C84C /* SDL_loadso.h in Headers */,
				A96BD6761D59705A0095C84C /* SDL_log.h in Headers */,
				A96BD6771D59705A0095C84C /* SDL_main.h in Headers */,
				A96BD6781D59705A0095C84C /* SDL_messagebox.h in Headers */,
				A96BD6791D59705A0095C84C /* SDL_mouse.h in Headers */,
				A96BD67A1D59705A0095C84C /* SDL_mutex.h in Headers */,
				A96BD67B1D59705A0095C84C /* SDL_name.h in Headers */,
				A96BD67C1D59705A0095C84C /* SDL_opengl.h in Headers */,
				A96BD67D1D59705A0095C84C /* SDL_opengles.h in Headers */,
				A96BD67E1D59705A0095C84C /* SDL_opengles2.h in Headers */,
				A96BD67F1D59705A0095C84C /* SDL_pixels.h in Headers */,
				A96BD6801D59705A0095C84C /* SDL_platform.h in Headers */,
				A96BD6811D59705A0095C84C /* SDL_power.h in Headers */,
				A96BD6821D59705A0095C84C /* SDL_quit.h in Headers */,
				A96BD6831D59705A0095C84C /* SDL_rect.h in Headers */,
				A96BD6841D59705A0095C84C /* SDL_render.h in Headers */,
				A96BD6851D59705A0095C84C /* SDL_revision.h in Headers */,
				A96BD6861D59705A0095C84C /* SDL_rwops.h in Headers */,
				A96BD6871D59705A0095C84C /* SDL_scancode.h in Headers */,
				A96BD6881D59705A0095C84C /* SDL_shape.h in Headers */,
				A96BD6891D59705A0095C84C /* SDL_stdinc.h in Headers */,
				A96BD68A1D59705A0095C84C /* SDL_surface.h in Headers */,
				A96BD68B1D59705A0095C84C /* SDL_system.h in Headers */,
				A96BD68C1D59705A0095C84C /* SDL_syswm.h in Headers */,
				A96BD68D1D59705A0095C84C /* SDL_thread.h in Headers */,
				A96BD68E1D59705A0095C84C /* SDL_timer.h in Headers */,
				A96BD68F1D59705A0095C84C /* SDL_touch.h in Headers */,
				A96BD6901D59705A0095C84C /* SDL_types.h in Headers */,
				A96BD6911D59705A0095C84C /* SDL_version.h in Headers */,
				A96BD6921D59705A0095C84C /* SDL_video.h in Headers */,
				A96BD6931D59705A0095C84C /* SDL.h in Headers */,
				A96D17431D587169009F7AC2 /* libswscale in Headers */,
			);
			runOnlyForDeploymentPostprocessing = 0;
		};
/* End PBXHeadersBuildPhase section */

/* Begin PBXNativeTarget section */
		A96D16EF1D5860C5009F7AC2 /* tutorial */ = {
			isa = PBXNativeTarget;
			buildConfigurationList = A96D17021D5860C5009F7AC2 /* Build configuration list for PBXNativeTarget "tutorial" */;
			buildPhases = (
				B675B7E61E43F592FE49F0D7 /* [CP] Check Pods Manifest.lock */,
				A96D17451D5873F4009F7AC2 /* copy module map */,
				A96D16EC1D5860C5009F7AC2 /* Sources */,
				A96D17351D587152009F7AC2 /* Headers */,
				A96D16ED1D5860C5009F7AC2 /* Frameworks */,
				A96D16EE1D5860C5009F7AC2 /* Resources */,
				A96BD6AC1D5997960095C84C /* Embed Frameworks */,
				F81482DB073B671DAD436E0E /* [CP] Embed Pods Frameworks */,
				9AB14CAD4A70528CC727EDDA /* [CP] Copy Pods Resources */,
			);
			buildRules = (
			);
			dependencies = (
			);
			name = tutorial;
			productName = tutorial;
			productReference = A96D16F01D5860C5009F7AC2 /* tutorial.app */;
			productType = "com.apple.product-type.application";
		};
/* End PBXNativeTarget section */

/* Begin PBXProject section */
		A96D16E81D5860C5009F7AC2 /* Project object */ = {
			isa = PBXProject;
			attributes = {
				LastSwiftUpdateCheck = 0730;
				LastUpgradeCheck = 0730;
				ORGANIZATIONNAME = gretech;
				TargetAttributes = {
					A96D16EF1D5860C5009F7AC2 = {
						CreatedOnToolsVersion = 7.3.1;
					};
				};
			};
			buildConfigurationList = A96D16EB1D5860C5009F7AC2 /* Build configuration list for PBXProject "tutorial" */;
			compatibilityVersion = "Xcode 3.2";
			developmentRegion = English;
			hasScannedForEncodings = 0;
			knownRegions = (
				en,
				Base,
			);
			mainGroup = A96D16E71D5860C5009F7AC2;
			productRefGroup = A96D16F11D5860C5009F7AC2 /* Products */;
			projectDirPath = "";
			projectRoot = "";
			targets = (
				A96D16EF1D5860C5009F7AC2 /* tutorial */,
			);
		};
/* End PBXProject section */

/* Begin PBXResourcesBuildPhase section */
		A96D16EE1D5860C5009F7AC2 /* Resources */ = {
			isa = PBXResourcesBuildPhase;
			buildActionMask = 2147483647;
			files = (
				A96D175F1D587D0B009F7AC2 /* ffmpeg-tutorial in Resources */,
				A96D16FE1D5860C5009F7AC2 /* LaunchScreen.storyboard in Resources */,
				A96D16FB1D5860C5009F7AC2 /* Assets.xcassets in Resources */,
				A96D16F91D5860C5009F7AC2 /* Main.storyboard in Resources */,
				A96D175C1D587725009F7AC2 /* sample.mp4 in Resources */,
			);
			runOnlyForDeploymentPostprocessing = 0;
		};
/* End PBXResourcesBuildPhase section */

/* Begin PBXShellScriptBuildPhase section */
		9AB14CAD4A70528CC727EDDA /* [CP] Copy Pods Resources */ = {
			isa = PBXShellScriptBuildPhase;
			buildActionMask = 2147483647;
			files = (
			);
			inputPaths = (
			);
			name = "[CP] Copy Pods Resources";
			outputPaths = (
			);
			runOnlyForDeploymentPostprocessing = 0;
			shellPath = /bin/sh;
			shellScript = "\"${SRCROOT}/Pods/Target Support Files/Pods-tutorial/Pods-tutorial-resources.sh\"\n";
			showEnvVarsInLog = 0;
		};
		A96D17451D5873F4009F7AC2 /* copy module map */ = {
			isa = PBXShellScriptBuildPhase;
			buildActionMask = 2147483647;
			files = (
			);
			inputPaths = (
				"",
			);
			name = "copy module map";
			outputPaths = (
			);
			runOnlyForDeploymentPostprocessing = 0;
			shellPath = /bin/sh;
			shellScript = "cp $SRCROOT/../ffmpeg.map $SRCROOT/../FFmpeg-iOS-build-script/FFmpeg-iOS/include/module.map\ncp $SRCROOT/../sdl.map $SRCROOT/../SDL-iOS/include/module.map";
		};
		B675B7E61E43F592FE49F0D7 /* [CP] Check Pods Manifest.lock */ = {
			isa = PBXShellScriptBuildPhase;
			buildActionMask = 2147483647;
			files = (
			);
			inputPaths = (
			);
			name = "[CP] Check Pods Manifest.lock";
			outputPaths = (
			);
			runOnlyForDeploymentPostprocessing = 0;
			shellPath = /bin/sh;
			shellScript = "diff \"${PODS_ROOT}/../Podfile.lock\" \"${PODS_ROOT}/Manifest.lock\" > /dev/null\nif [[ $? != 0 ]] ; then\n    cat << EOM\nerror: The sandbox is not in sync with the Podfile.lock. Run 'pod install' or update your CocoaPods installation.\nEOM\n    exit 1\nfi\n";
			showEnvVarsInLog = 0;
		};
		F81482DB073B671DAD436E0E /* [CP] Embed Pods Frameworks */ = {
			isa = PBXShellScriptBuildPhase;
			buildActionMask = 2147483647;
			files = (
			);
			inputPaths = (
			);
			name = "[CP] Embed Pods Frameworks";
			outputPaths = (
			);
			runOnlyForDeploymentPostprocessing = 0;
			shellPath = /bin/sh;
			shellScript = "\"${SRCROOT}/Pods/Target Support Files/Pods-tutorial/Pods-tutorial-frameworks.sh\"\n";
			showEnvVarsInLog = 0;
		};
/* End PBXShellScriptBuildPhase section */

/* Begin PBXSourcesBuildPhase section */
		A96D16EC1D5860C5009F7AC2 /* Sources */ = {
			isa = PBXSourcesBuildPhase;
			buildActionMask = 2147483647;
			files = (
				A96D174A1D5875F1009F7AC2 /* FFmpeg.m in Sources */,
				A96D16F61D5860C5009F7AC2 /* ViewController.swift in Sources */,
				D8F1B1EB1D58D5DE00564EE2 /* Castable.swift in Sources */,
				A96BD6B71D599C3E0095C84C /* SDLHelper.mm in Sources */,
				A96D16F41D5860C5009F7AC2 /* AppDelegate.swift in Sources */,
				A96D17581D5876CD009F7AC2 /* tutorial.swift in Sources */,
			);
			runOnlyForDeploymentPostprocessing = 0;
		};
/* End PBXSourcesBuildPhase section */

/* Begin PBXVariantGroup section */
		A96D16F71D5860C5009F7AC2 /* Main.storyboard */ = {
			isa = PBXVariantGroup;
			children = (
				A96D16F81D5860C5009F7AC2 /* Base */,
			);
			name = Main.storyboard;
			sourceTree = "<group>";
		};
		A96D16FC1D5860C5009F7AC2 /* LaunchScreen.storyboard */ = {
			isa = PBXVariantGroup;
			children = (
				A96D16FD1D5860C5009F7AC2 /* Base */,
			);
			name = LaunchScreen.storyboard;
			sourceTree = "<group>";
		};
/* End PBXVariantGroup section */

/* Begin XCBuildConfiguration section */
		A96D17001D5860C5009F7AC2 /* Debug */ = {
			isa = XCBuildConfiguration;
			buildSettings = {
				ALWAYS_SEARCH_USER_PATHS = NO;
				CLANG_ANALYZER_NONNULL = YES;
				CLANG_CXX_LANGUAGE_STANDARD = "gnu++0x";
				CLANG_CXX_LIBRARY = "libc++";
				CLANG_ENABLE_MODULES = YES;
				CLANG_ENABLE_OBJC_ARC = YES;
				CLANG_WARN_BOOL_CONVERSION = YES;
				CLANG_WARN_CONSTANT_CONVERSION = YES;
				CLANG_WARN_DIRECT_OBJC_ISA_USAGE = YES_ERROR;
				CLANG_WARN_EMPTY_BODY = YES;
				CLANG_WARN_ENUM_CONVERSION = YES;
				CLANG_WARN_INT_CONVERSION = YES;
				CLANG_WARN_OBJC_ROOT_CLASS = YES_ERROR;
				CLANG_WARN_UNREACHABLE_CODE = YES;
				CLANG_WARN__DUPLICATE_METHOD_MATCH = YES;
				"CODE_SIGN_IDENTITY[sdk=iphoneos*]" = "iPhone Developer";
				COPY_PHASE_STRIP = NO;
				DEBUG_INFORMATION_FORMAT = dwarf;
				ENABLE_STRICT_OBJC_MSGSEND = YES;
				ENABLE_TESTABILITY = YES;
				GCC_C_LANGUAGE_STANDARD = gnu99;
				GCC_DYNAMIC_NO_PIC = NO;
				GCC_NO_COMMON_BLOCKS = YES;
				GCC_OPTIMIZATION_LEVEL = 0;
				GCC_PREPROCESSOR_DEFINITIONS = (
					"DEBUG=1",
					"$(inherited)",
				);
				GCC_WARN_64_TO_32_BIT_CONVERSION = YES;
				GCC_WARN_ABOUT_RETURN_TYPE = YES_ERROR;
				GCC_WARN_UNDECLARED_SELECTOR = YES;
				GCC_WARN_UNINITIALIZED_AUTOS = YES_AGGRESSIVE;
				GCC_WARN_UNUSED_FUNCTION = YES;
				GCC_WARN_UNUSED_VARIABLE = YES;
				IPHONEOS_DEPLOYMENT_TARGET = 9.3;
				MTL_ENABLE_DEBUG_INFO = YES;
				ONLY_ACTIVE_ARCH = YES;
				SDKROOT = iphoneos;
				SWIFT_OPTIMIZATION_LEVEL = "-Onone";
			};
			name = Debug;
		};
		A96D17011D5860C5009F7AC2 /* Release */ = {
			isa = XCBuildConfiguration;
			buildSettings = {
				ALWAYS_SEARCH_USER_PATHS = NO;
				CLANG_ANALYZER_NONNULL = YES;
				CLANG_CXX_LANGUAGE_STANDARD = "gnu++0x";
				CLANG_CXX_LIBRARY = "libc++";
				CLANG_ENABLE_MODULES = YES;
				CLANG_ENABLE_OBJC_ARC = YES;
				CLANG_WARN_BOOL_CONVERSION = YES;
				CLANG_WARN_CONSTANT_CONVERSION = YES;
				CLANG_WARN_DIRECT_OBJC_ISA_USAGE = YES_ERROR;
				CLANG_WARN_EMPTY_BODY = YES;
				CLANG_WARN_ENUM_CONVERSION = YES;
				CLANG_WARN_INT_CONVERSION = YES;
				CLANG_WARN_OBJC_ROOT_CLASS = YES_ERROR;
				CLANG_WARN_UNREACHABLE_CODE = YES;
				CLANG_WARN__DUPLICATE_METHOD_MATCH = YES;
				"CODE_SIGN_IDENTITY[sdk=iphoneos*]" = "iPhone Developer";
				COPY_PHASE_STRIP = NO;
				DEBUG_INFORMATION_FORMAT = "dwarf-with-dsym";
				ENABLE_NS_ASSERTIONS = NO;
				ENABLE_STRICT_OBJC_MSGSEND = YES;
				GCC_C_LANGUAGE_STANDARD = gnu99;
				GCC_NO_COMMON_BLOCKS = YES;
				GCC_WARN_64_TO_32_BIT_CONVERSION = YES;
				GCC_WARN_ABOUT_RETURN_TYPE = YES_ERROR;
				GCC_WARN_UNDECLARED_SELECTOR = YES;
				GCC_WARN_UNINITIALIZED_AUTOS = YES_AGGRESSIVE;
				GCC_WARN_UNUSED_FUNCTION = YES;
				GCC_WARN_UNUSED_VARIABLE = YES;
				IPHONEOS_DEPLOYMENT_TARGET = 9.3;
				MTL_ENABLE_DEBUG_INFO = NO;
				SDKROOT = iphoneos;
				VALIDATE_PRODUCT = YES;
			};
			name = Release;
		};
		A96D17031D5860C5009F7AC2 /* Debug */ = {
			isa = XCBuildConfiguration;
			baseConfigurationReference = C7CF05DFDE02B1D04680BFEC /* Pods-tutorial.debug.xcconfig */;
			buildSettings = {
				ASSETCATALOG_COMPILER_APPICON_NAME = AppIcon;
				CLANG_ALLOW_NON_MODULAR_INCLUDES_IN_FRAMEWORK_MODULES = YES;
				CLANG_ENABLE_MODULES = YES;
				HEADER_SEARCH_PATHS = (
					"$(SRCROOT)/../FFmpeg-iOS-build-script/FFmpeg-iOS/include",
					"$(SRCROOT)/../SDL-iOS/include",
				);
				INFOPLIST_FILE = tutorial/Info.plist;
				LD_RUNPATH_SEARCH_PATHS = "$(inherited) @executable_path/Frameworks";
				LIBRARY_SEARCH_PATHS = (
					"$(SRCROOT)/../FFmpeg-iOS-build-script/FFmpeg-iOS/lib",
					"$(SRCROOT)/../SDL-iOS/lib",
				);
				MODULEMAP_FILE = "$(SRCROOT)/../ffmpeg.map";
				MODULEMAP_PRIVATE_FILE = "";
				OTHER_LDFLAGS = "$(inherited)";
				PRODUCT_BUNDLE_IDENTIFIER = com.gretech.tutorial;
				PRODUCT_NAME = "$(TARGET_NAME)";
				SWIFT_OBJC_BRIDGING_HEADER = "tutorial/tutorial-Bridging-Header.h";
				SWIFT_OPTIMIZATION_LEVEL = "-Onone";
			};
			name = Debug;
		};
		A96D17041D5860C5009F7AC2 /* Release */ = {
			isa = XCBuildConfiguration;
			baseConfigurationReference = CDA07D4F80C80AD1991B0571 /* Pods-tutorial.release.xcconfig */;
			buildSettings = {
				ASSETCATALOG_COMPILER_APPICON_NAME = AppIcon;
				CLANG_ALLOW_NON_MODULAR_INCLUDES_IN_FRAMEWORK_MODULES = YES;
				CLANG_ENABLE_MODULES = YES;
				HEADER_SEARCH_PATHS = (
					"$(SRCROOT)/../FFmpeg-iOS-build-script/FFmpeg-iOS/include",
					"$(SRCROOT)/../SDL-iOS/include",
				);
				INFOPLIST_FILE = tutorial/Info.plist;
				LD_RUNPATH_SEARCH_PATHS = "$(inherited) @executable_path/Frameworks";
				LIBRARY_SEARCH_PATHS = (
					"$(SRCROOT)/../FFmpeg-iOS-build-script/FFmpeg-iOS/lib",
					"$(SRCROOT)/../SDL-iOS/lib",
				);
				MODULEMAP_FILE = "$(SRCROOT)/../ffmpeg.map";
				MODULEMAP_PRIVATE_FILE = "";
				OTHER_LDFLAGS = "$(inherited)";
				PRODUCT_BUNDLE_IDENTIFIER = com.gretech.tutorial;
				PRODUCT_NAME = "$(TARGET_NAME)";
				SWIFT_OBJC_BRIDGING_HEADER = "tutorial/tutorial-Bridging-Header.h";
			};
			name = Release;
		};
/* End XCBuildConfiguration section */

/* Begin XCConfigurationList section */
		A96D16EB1D5860C5009F7AC2 /* Build configuration list for PBXProject "tutorial" */ = {
			isa = XCConfigurationList;
			buildConfigurations = (
				A96D17001D5860C5009F7AC2 /* Debug */,
				A96D17011D5860C5009F7AC2 /* Release */,
			);
			defaultConfigurationIsVisible = 0;
			defaultConfigurationName = Release;
		};
		A96D17021D5860C5009F7AC2 /* Build configuration list for PBXNativeTarget "tutorial" */ = {
			isa = XCConfigurationList;
			buildConfigurations = (
				A96D17031D5860C5009F7AC2 /* Debug */,
				A96D17041D5860C5009F7AC2 /* Release */,
			);
			defaultConfigurationIsVisible = 0;
			defaultConfigurationName = Release;
		};
/* End XCConfigurationList section */
	};
	rootObject = A96D16E81D5860C5009F7AC2 /* Project object */;
}
